
Microsoft Visual Studio Solution File, Format Version 12.00
# Visual Studio Version 17
VisualStudioVersion = 17.1.32210.238
MinimumVisualStudioVersion = 10.0.40219.1
Project("{FAE04EC0-301F-11D3-BF4B-00C04F79EFBC}") = "Simple_database", "Simple_database\Simple_database.csproj", "{9A3F4191-77FA-44E3-B621-C10C3451B326}"
EndProject
Global
	GlobalSection(SolutionConfigurationPlatforms) = preSolution
		Debug|Any CPU = Debug|Any CPU
		Release|Any CPU = Release|Any CPU
	EndGlobalSection
	GlobalSection(ProjectConfigurationPlatforms) = postSolution
		{9A3F4191-77FA-44E3-B621-C10C3451B326}.Debug|Any CPU.ActiveCfg = Debug|Any CPU
		{9A3F4191-77FA-44E3-B621-C10C3451B326}.Debug|Any CPU.Build.0 = Debug|Any CPU
		{9A3F4191-77FA-44E3-B621-C10C3451B326}.Release|Any CPU.ActiveCfg = Release|Any CPU
		{9A3F4191-77FA-44E3-B621-C10C3451B326}.Release|Any CPU.Build.0 = Release|Any CPU
	EndGlobalSection
	GlobalSection(SolutionProperties) = preSolution
		HideSolutionNode = FALSE
	EndGlobalSection
	GlobalSection(ExtensibilityGlobals) = postSolution
		SolutionGuid = {1F36A8ED-B98B-437B-B8A1-21559F7F4205}
	EndGlobalSection
EndGlobal
